
Microsoft Visual Studio Solution File, Format Version 12.00
# Visual Studio Version 16
VisualStudioVersion = 16.0.810.9
MinimumVisualStudioVersion = 10.0.40219.1
Project("{FAE04EC0-301F-11D3-BF4B-00C04F79EFBC}") = "diziler", "diziler.csproj", "{CDC6D524-3031-49D9-B7B3-1B11980BD075}"
EndProject
Global
	GlobalSection(SolutionConfigurationPlatforms) = preSolution
		Debug|Any CPU = Debug|Any CPU
		Release|Any CPU = Release|Any CPU
	EndGlobalSection
	GlobalSection(ProjectConfigurationPlatforms) = postSolution
		{CDC6D524-3031-49D9-B7B3-1B11980BD075}.Debug|Any CPU.ActiveCfg = Debug|Any CPU
		{CDC6D524-3031-49D9-B7B3-1B11980BD075}.Debug|Any CPU.Build.0 = Debug|Any CPU
		{CDC6D524-3031-49D9-B7B3-1B11980BD075}.Release|Any CPU.ActiveCfg = Release|Any CPU
		{CDC6D524-3031-49D9-B7B3-1B11980BD075}.Release|Any CPU.Build.0 = Release|Any CPU
	EndGlobalSection
	GlobalSection(SolutionProperties) = preSolution
		HideSolutionNode = FALSE
	EndGlobalSection
	GlobalSection(ExtensibilityGlobals) = postSolution
		SolutionGuid = {F9BA2794-6AA6-4542-9693-C6DD61341F0F}
	EndGlobalSection
EndGlobal
